
Microsoft Visual Studio Solution File, Format Version 12.00
# Visual Studio 15
VisualStudioVersion = 15.0.27428.2002
MinimumVisualStudioVersion = 10.0.40219.1
Project("{FAE04EC0-301F-11D3-BF4B-00C04F79EFBC}") = "Idiom.Android", "Idiom\Idiom.Android\Idiom.Android.csproj", "{510B9FEA-A5B8-4B3A-A80F-7759CECC4861}"
EndProject
Project("{FAE04EC0-301F-11D3-BF4B-00C04F79EFBC}") = "Idiom.iOS", "Idiom\Idiom.iOS\Idiom.iOS.csproj", "{6A641EA4-82FB-4F7B-9F8A-386C2F2DE236}"
EndProject
Project("{FAE04EC0-301F-11D3-BF4B-00C04F79EFBC}") = "Idiom.UWP", "Idiom\Idiom.UWP\Idiom.UWP.csproj", "{385B1520-AFA9-4043-A64E-424DADF6B7B5}"
EndProject
Project("{FAE04EC0-301F-11D3-BF4B-00C04F79EFBC}") = "Idiom", "Idiom\Idiom\Idiom.csproj", "{225C3318-122F-4BF2-88D3-2E2A3A695999}"
EndProject
Global
	GlobalSection(SolutionConfigurationPlatforms) = preSolution
		Ad-Hoc|Any CPU = Ad-Hoc|Any CPU
		Ad-Hoc|ARM = Ad-Hoc|ARM
		Ad-Hoc|iPhone = Ad-Hoc|iPhone
		Ad-Hoc|iPhoneSimulator = Ad-Hoc|iPhoneSimulator
		Ad-Hoc|x64 = Ad-Hoc|x64
		Ad-Hoc|x86 = Ad-Hoc|x86
		AppStore|Any CPU = AppStore|Any CPU
		AppStore|ARM = AppStore|ARM
		AppStore|iPhone = AppStore|iPhone
		AppStore|iPhoneSimulator = AppStore|iPhoneSimulator
		AppStore|x64 = AppStore|x64
		AppStore|x86 = AppStore|x86
		Debug|Any CPU = Debug|Any CPU
		Debug|ARM = Debug|ARM
		Debug|iPhone = Debug|iPhone
		Debug|iPhoneSimulator = Debug|iPhoneSimulator
		Debug|x64 = Debug|x64
		Debug|x86 = Debug|x86
		Release|Any CPU = Release|Any CPU
		Release|ARM = Release|ARM
		Release|iPhone = Release|iPhone
		Release|iPhoneSimulator = Release|iPhoneSimulator
		Release|x64 = Release|x64
		Release|x86 = Release|x86
	EndGlobalSection
	GlobalSection(ProjectConfigurationPlatforms) = postSolution
		{510B9FEA-A5B8-4B3A-A80F-7759CECC4861}.Ad-Hoc|Any CPU.ActiveCfg = Release|Any CPU
		{510B9FEA-A5B8-4B3A-A80F-7759CECC4861}.Ad-Hoc|Any CPU.Build.0 = Release|Any CPU
		{510B9FEA-A5B8-4B3A-A80F-7759CECC4861}.Ad-Hoc|Any CPU.Deploy.0 = Release|Any CPU
		{510B9FEA-A5B8-4B3A-A80F-7759CECC4861}.Ad-Hoc|ARM.ActiveCfg = Release|Any CPU
		{510B9FEA-A5B8-4B3A-A80F-7759CECC4861}.Ad-Hoc|ARM.Build.0 = Release|Any CPU
		{510B9FEA-A5B8-4B3A-A80F-7759CECC4861}.Ad-Hoc|ARM.Deploy.0 = Release|Any CPU
		{510B9FEA-A5B8-4B3A-A80F-7759CECC4861}.Ad-Hoc|iPhone.ActiveCfg = Release|Any CPU
		{510B9FEA-A5B8-4B3A-A80F-7759CECC4861}.Ad-Hoc|iPhone.Build.0 = Release|Any CPU
		{510B9FEA-A5B8-4B3A-A80F-7759CECC4861}.Ad-Hoc|iPhone.Deploy.0 = Release|Any CPU
		{510B9FEA-A5B8-4B3A-A80F-7759CECC4861}.Ad-Hoc|iPhoneSimulator.ActiveCfg = Release|Any CPU
		{510B9FEA-A5B8-4B3A-A80F-7759CECC4861}.Ad-Hoc|iPhoneSimulator.Build.0 = Release|Any CPU
		{510B9FEA-A5B8-4B3A-A80F-7759CECC4861}.Ad-Hoc|iPhoneSimulator.Deploy.0 = Release|Any CPU
		{510B9FEA-A5B8-4B3A-A80F-7759CECC4861}.Ad-Hoc|x64.ActiveCfg = Release|Any CPU
		{510B9FEA-A5B8-4B3A-A80F-7759CECC4861}.Ad-Hoc|x64.Build.0 = Release|Any CPU
		{510B9FEA-A5B8-4B3A-A80F-7759CECC4861}.Ad-Hoc|x64.Deploy.0 = Release|Any CPU
		{510B9FEA-A5B8-4B3A-A80F-7759CECC4861}.Ad-Hoc|x86.ActiveCfg = Release|Any CPU
		{510B9FEA-A5B8-4B3A-A80F-7759CECC4861}.Ad-Hoc|x86.Build.0 = Release|Any CPU
		{510B9FEA-A5B8-4B3A-A80F-7759CECC4861}.Ad-Hoc|x86.Deploy.0 = Release|Any CPU
		{510B9FEA-A5B8-4B3A-A80F-7759CECC4861}.AppStore|Any CPU.ActiveCfg = Release|Any CPU
		{510B9FEA-A5B8-4B3A-A80F-7759CECC4861}.AppStore|Any CPU.Build.0 = Release|Any CPU
		{510B9FEA-A5B8-4B3A-A80F-7759CECC4861}.AppStore|Any CPU.Deploy.0 = Release|Any CPU
		{510B9FEA-A5B8-4B3A-A80F-7759CECC4861}.AppStore|ARM.ActiveCfg = Release|Any CPU
		{510B9FEA-A5B8-4B3A-A80F-7759CECC4861}.AppStore|ARM.Build.0 = Release|Any CPU
		{510B9FEA-A5B8-4B3A-A80F-7759CECC4861}.AppStore|ARM.Deploy.0 = Release|Any CPU
		{510B9FEA-A5B8-4B3A-A80F-7759CECC4861}.AppStore|iPhone.ActiveCfg = Release|Any CPU
		{510B9FEA-A5B8-4B3A-A80F-7759CECC4861}.AppStore|iPhone.Build.0 = Release|Any CPU
		{510B9FEA-A5B8-4B3A-A80F-7759CECC4861}.AppStore|iPhone.Deploy.0 = Release|Any CPU
		{510B9FEA-A5B8-4B3A-A80F-7759CECC4861}.AppStore|iPhoneSimulator.ActiveCfg = Release|Any CPU
		{510B9FEA-A5B8-4B3A-A80F-7759CECC4861}.AppStore|iPhoneSimulator.Build.0 = Release|Any CPU
		{510B9FEA-A5B8-4B3A-A80F-7759CECC4861}.AppStore|iPhoneSimulator.Deploy.0 = Release|Any CPU
		{510B9FEA-A5B8-4B3A-A80F-7759CECC4861}.AppStore|x64.ActiveCfg = Release|Any CPU
		{510B9FEA-A5B8-4B3A-A80F-7759CECC4861}.AppStore|x64.Build.0 = Release|Any CPU
		{510B9FEA-A5B8-4B3A-A80F-7759CECC4861}.AppStore|x64.Deploy.0 = Release|Any CPU
		{510B9FEA-A5B8-4B3A-A80F-7759CECC4861}.AppStore|x86.ActiveCfg = Release|Any CPU
		{510B9FEA-A5B8-4B3A-A80F-7759CECC4861}.AppStore|x86.Build.0 = Release|Any CPU
		{510B9FEA-A5B8-4B3A-A80F-7759CECC4861}.AppStore|x86.Deploy.0 = Release|Any CPU
		{510B9FEA-A5B8-4B3A-A80F-7759CECC4861}.Debug|Any CPU.ActiveCfg = Debug|Any CPU
		{510B9FEA-A5B8-4B3A-A80F-7759CECC4861}.Debug|Any CPU.Build.0 = Debug|Any CPU
		{510B9FEA-A5B8-4B3A-A80F-7759CECC4861}.Debug|Any CPU.Deploy.0 = Debug|Any CPU
		{510B9FEA-A5B8-4B3A-A80F-7759CECC4861}.Debug|ARM.ActiveCfg = Debug|Any CPU
		{510B9FEA-A5B8-4B3A-A80F-7759CECC4861}.Debug|ARM.Build.0 = Debug|Any CPU
		{510B9FEA-A5B8-4B3A-A80F-7759CECC4861}.Debug|ARM.Deploy.0 = Debug|Any CPU
		{510B9FEA-A5B8-4B3A-A80F-7759CECC4861}.Debug|iPhone.ActiveCfg = Debug|Any CPU
		{510B9FEA-A5B8-4B3A-A80F-7759CECC4861}.Debug|iPhone.Build.0 = Debug|Any CPU
		{510B9FEA-A5B8-4B3A-A80F-7759CECC4861}.Debug|iPhone.Deploy.0 = Debug|Any CPU
		{510B9FEA-A5B8-4B3A-A80F-7759CECC4861}.Debug|iPhoneSimulator.ActiveCfg = Debug|Any CPU
		{510B9FEA-A5B8-4B3A-A80F-7759CECC4861}.Debug|iPhoneSimulator.Build.0 = Debug|Any CPU
		{510B9FEA-A5B8-4B3A-A80F-7759CECC4861}.Debug|iPhoneSimulator.Deploy.0 = Debug|Any CPU
		{510B9FEA-A5B8-4B3A-A80F-7759CECC4861}.Debug|x64.ActiveCfg = Debug|Any CPU
		{510B9FEA-A5B8-4B3A-A80F-7759CECC4861}.Debug|x64.Build.0 = Debug|Any CPU
		{510B9FEA-A5B8-4B3A-A80F-7759CECC4861}.Debug|x64.Deploy.0 = Debug|Any CPU
		{510B9FEA-A5B8-4B3A-A80F-7759CECC4861}.Debug|x86.ActiveCfg = Debug|Any CPU
		{510B9FEA-A5B8-4B3A-A80F-7759CECC4861}.Debug|x86.Build.0 = Debug|Any CPU
		{510B9FEA-A5B8-4B3A-A80F-7759CECC4861}.Debug|x86.Deploy.0 = Debug|Any CPU
		{510B9FEA-A5B8-4B3A-A80F-7759CECC4861}.Release|Any CPU.ActiveCfg = Release|Any CPU
		{510B9FEA-A5B8-4B3A-A80F-7759CECC4861}.Release|Any CPU.Build.0 = Release|Any CPU
		{510B9FEA-A5B8-4B3A-A80F-7759CECC4861}.Release|Any CPU.Deploy.0 = Release|Any CPU
		{510B9FEA-A5B8-4B3A-A80F-7759CECC4861}.Release|ARM.ActiveCfg = Release|Any CPU
		{510B9FEA-A5B8-4B3A-A80F-7759CECC4861}.Release|ARM.Build.0 = Release|Any CPU
		{510B9FEA-A5B8-4B3A-A80F-7759CECC4861}.Release|ARM.Deploy.0 = Release|Any CPU
		{510B9FEA-A5B8-4B3A-A80F-7759CECC4861}.Release|iPhone.ActiveCfg = Release|Any CPU
		{510B9FEA-A5B8-4B3A-A80F-7759CECC4861}.Release|iPhone.Build.0 = Release|Any CPU
		{510B9FEA-A5B8-4B3A-A80F-7759CECC4861}.Release|iPhone.Deploy.0 = Release|Any CPU
		{510B9FEA-A5B8-4B3A-A80F-7759CECC4861}.Release|iPhoneSimulator.ActiveCfg = Release|Any CPU
		{510B9FEA-A5B8-4B3A-A80F-7759CECC4861}.Release|iPhoneSimulator.Build.0 = Release|Any CPU
		{510B9FEA-A5B8-4B3A-A80F-7759CECC4861}.Release|iPhoneSimulator.Deploy.0 = Release|Any CPU
		{510B9FEA-A5B8-4B3A-A80F-7759CECC4861}.Release|x64.ActiveCfg = Release|Any CPU
		{510B9FEA-A5B8-4B3A-A80F-7759CECC4861}.Release|x64.Build.0 = Release|Any CPU
		{510B9FEA-A5B8-4B3A-A80F-7759CECC4861}.Release|x64.Deploy.0 = Release|Any CPU
		{510B9FEA-A5B8-4B3A-A80F-7759CECC4861}.Release|x86.ActiveCfg = Release|Any CPU
		{510B9FEA-A5B8-4B3A-A80F-7759CECC4861}.Release|x86.Build.0 = Release|Any CPU
		{510B9FEA-A5B8-4B3A-A80F-7759CECC4861}.Release|x86.Deploy.0 = Release|Any CPU
		{6A641EA4-82FB-4F7B-9F8A-386C2F2DE236}.Ad-Hoc|Any CPU.ActiveCfg = Ad-Hoc|iPhone
		{6A641EA4-82FB-4F7B-9F8A-386C2F2DE236}.Ad-Hoc|ARM.ActiveCfg = Ad-Hoc|iPhone
		{6A641EA4-82FB-4F7B-9F8A-386C2F2DE236}.Ad-Hoc|iPhone.ActiveCfg = Ad-Hoc|iPhone
		{6A641EA4-82FB-4F7B-9F8A-386C2F2DE236}.Ad-Hoc|iPhone.Build.0 = Ad-Hoc|iPhone
		{6A641EA4-82FB-4F7B-9F8A-386C2F2DE236}.Ad-Hoc|iPhoneSimulator.ActiveCfg = Ad-Hoc|iPhoneSimulator
		{6A641EA4-82FB-4F7B-9F8A-386C2F2DE236}.Ad-Hoc|iPhoneSimulator.Build.0 = Ad-Hoc|iPhoneSimulator
		{6A641EA4-82FB-4F7B-9F8A-386C2F2DE236}.Ad-Hoc|x64.ActiveCfg = Ad-Hoc|iPhone
		{6A641EA4-82FB-4F7B-9F8A-386C2F2DE236}.Ad-Hoc|x86.ActiveCfg = Ad-Hoc|iPhone
		{6A641EA4-82FB-4F7B-9F8A-386C2F2DE236}.AppStore|Any CPU.ActiveCfg = AppStore|iPhone
		{6A641EA4-82FB-4F7B-9F8A-386C2F2DE236}.AppStore|ARM.ActiveCfg = AppStore|iPhone
		{6A641EA4-82FB-4F7B-9F8A-386C2F2DE236}.AppStore|iPhone.ActiveCfg = AppStore|iPhone
		{6A641EA4-82FB-4F7B-9F8A-386C2F2DE236}.AppStore|iPhone.Build.0 = AppStore|iPhone
		{6A641EA4-82FB-4F7B-9F8A-386C2F2DE236}.AppStore|iPhoneSimulator.ActiveCfg = AppStore|iPhoneSimulator
		{6A641EA4-82FB-4F7B-9F8A-386C2F2DE236}.AppStore|iPhoneSimulator.Build.0 = AppStore|iPhoneSimulator
		{6A641EA4-82FB-4F7B-9F8A-386C2F2DE236}.AppStore|x64.ActiveCfg = AppStore|iPhone
		{6A641EA4-82FB-4F7B-9F8A-386C2F2DE236}.AppStore|x86.ActiveCfg = AppStore|iPhone
		{6A641EA4-82FB-4F7B-9F8A-386C2F2DE236}.Debug|Any CPU.ActiveCfg = Debug|iPhone
		{6A641EA4-82FB-4F7B-9F8A-386C2F2DE236}.Debug|ARM.ActiveCfg = Debug|iPhone
		{6A641EA4-82FB-4F7B-9F8A-386C2F2DE236}.Debug|iPhone.ActiveCfg = Debug|iPhone
		{6A641EA4-82FB-4F7B-9F8A-386C2F2DE236}.Debug|iPhone.Build.0 = Debug|iPhone
		{6A641EA4-82FB-4F7B-9F8A-386C2F2DE236}.Debug|iPhoneSimulator.ActiveCfg = Debug|iPhoneSimulator
		{6A641EA4-82FB-4F7B-9F8A-386C2F2DE236}.Debug|iPhoneSimulator.Build.0 = Debug|iPhoneSimulator
		{6A641EA4-82FB-4F7B-9F8A-386C2F2DE236}.Debug|x64.ActiveCfg = Debug|iPhone
		{6A641EA4-82FB-4F7B-9F8A-386C2F2DE236}.Debug|x86.ActiveCfg = Debug|iPhone
		{6A641EA4-82FB-4F7B-9F8A-386C2F2DE236}.Release|Any CPU.ActiveCfg = Release|iPhone
		{6A641EA4-82FB-4F7B-9F8A-386C2F2DE236}.Release|ARM.ActiveCfg = Release|iPhone
		{6A641EA4-82FB-4F7B-9F8A-386C2F2DE236}.Release|iPhone.ActiveCfg = Release|iPhone
		{6A641EA4-82FB-4F7B-9F8A-386C2F2DE236}.Release|iPhone.Build.0 = Release|iPhone
		{6A641EA4-82FB-4F7B-9F8A-386C2F2DE236}.Release|iPhoneSimulator.ActiveCfg = Release|iPhoneSimulator
		{6A641EA4-82FB-4F7B-9F8A-386C2F2DE236}.Release|iPhoneSimulator.Build.0 = Release|iPhoneSimulator
		{6A641EA4-82FB-4F7B-9F8A-386C2F2DE236}.Release|x64.ActiveCfg = Release|iPhone
		{6A641EA4-82FB-4F7B-9F8A-386C2F2DE236}.Release|x86.ActiveCfg = Release|iPhone
		{385B1520-AFA9-4043-A64E-424DADF6B7B5}.Ad-Hoc|Any CPU.ActiveCfg = Release|x86
		{385B1520-AFA9-4043-A64E-424DADF6B7B5}.Ad-Hoc|Any CPU.Build.0 = Release|x86
		{385B1520-AFA9-4043-A64E-424DADF6B7B5}.Ad-Hoc|Any CPU.Deploy.0 = Release|x86
		{385B1520-AFA9-4043-A64E-424DADF6B7B5}.Ad-Hoc|ARM.ActiveCfg = Release|ARM
		{385B1520-AFA9-4043-A64E-424DADF6B7B5}.Ad-Hoc|ARM.Build.0 = Release|ARM
		{385B1520-AFA9-4043-A64E-424DADF6B7B5}.Ad-Hoc|ARM.Deploy.0 = Release|ARM
		{385B1520-AFA9-4043-A64E-424DADF6B7B5}.Ad-Hoc|iPhone.ActiveCfg = Release|x86
		{385B1520-AFA9-4043-A64E-424DADF6B7B5}.Ad-Hoc|iPhone.Build.0 = Release|x86
		{385B1520-AFA9-4043-A64E-424DADF6B7B5}.Ad-Hoc|iPhone.Deploy.0 = Release|x86
		{385B1520-AFA9-4043-A64E-424DADF6B7B5}.Ad-Hoc|iPhoneSimulator.ActiveCfg = Release|x86
		{385B1520-AFA9-4043-A64E-424DADF6B7B5}.Ad-Hoc|iPhoneSimulator.Build.0 = Release|x86
		{385B1520-AFA9-4043-A64E-424DADF6B7B5}.Ad-Hoc|iPhoneSimulator.Deploy.0 = Release|x86
		{385B1520-AFA9-4043-A64E-424DADF6B7B5}.Ad-Hoc|x64.ActiveCfg = Release|x64
		{385B1520-AFA9-4043-A64E-424DADF6B7B5}.Ad-Hoc|x64.Build.0 = Release|x64
		{385B1520-AFA9-4043-A64E-424DADF6B7B5}.Ad-Hoc|x64.Deploy.0 = Release|x64
		{385B1520-AFA9-4043-A64E-424DADF6B7B5}.Ad-Hoc|x86.ActiveCfg = Release|x86
		{385B1520-AFA9-4043-A64E-424DADF6B7B5}.Ad-Hoc|x86.Build.0 = Release|x86
		{385B1520-AFA9-4043-A64E-424DADF6B7B5}.Ad-Hoc|x86.Deploy.0 = Release|x86
		{385B1520-AFA9-4043-A64E-424DADF6B7B5}.AppStore|Any CPU.ActiveCfg = Release|x86
		{385B1520-AFA9-4043-A64E-424DADF6B7B5}.AppStore|Any CPU.Build.0 = Release|x86
		{385B1520-AFA9-4043-A64E-424DADF6B7B5}.AppStore|Any CPU.Deploy.0 = Release|x86
		{385B1520-AFA9-4043-A64E-424DADF6B7B5}.AppStore|ARM.ActiveCfg = Release|ARM
		{385B1520-AFA9-4043-A64E-424DADF6B7B5}.AppStore|ARM.Build.0 = Release|ARM
		{385B1520-AFA9-4043-A64E-424DADF6B7B5}.AppStore|ARM.Deploy.0 = Release|ARM
		{385B1520-AFA9-4043-A64E-424DADF6B7B5}.AppStore|iPhone.ActiveCfg = Release|x86
		{385B1520-AFA9-4043-A64E-424DADF6B7B5}.AppStore|iPhone.Build.0 = Release|x86
		{385B1520-AFA9-4043-A64E-424DADF6B7B5}.AppStore|iPhone.Deploy.0 = Release|x86
		{385B1520-AFA9-4043-A64E-424DADF6B7B5}.AppStore|iPhoneSimulator.ActiveCfg = Release|x86
		{385B1520-AFA9-4043-A64E-424DADF6B7B5}.AppStore|iPhoneSimulator.Build.0 = Release|x86
		{385B1520-AFA9-4043-A64E-424DADF6B7B5}.AppStore|iPhoneSimulator.Deploy.0 = Release|x86
		{385B1520-AFA9-4043-A64E-424DADF6B7B5}.AppStore|x64.ActiveCfg = Release|x64
		{385B1520-AFA9-4043-A64E-424DADF6B7B5}.AppStore|x64.Build.0 = Release|x64
		{385B1520-AFA9-4043-A64E-424DADF6B7B5}.AppStore|x64.Deploy.0 = Release|x64
		{385B1520-AFA9-4043-A64E-424DADF6B7B5}.AppStore|x86.ActiveCfg = Release|x86
		{385B1520-AFA9-4043-A64E-424DADF6B7B5}.AppStore|x86.Build.0 = Release|x86
		{385B1520-AFA9-4043-A64E-424DADF6B7B5}.AppStore|x86.Deploy.0 = Release|x86
		{385B1520-AFA9-4043-A64E-424DADF6B7B5}.Debug|Any CPU.ActiveCfg = Debug|x86
		{385B1520-AFA9-4043-A64E-424DADF6B7B5}.Debug|ARM.ActiveCfg = Debug|ARM
		{385B1520-AFA9-4043-A64E-424DADF6B7B5}.Debug|ARM.Build.0 = Debug|ARM
		{385B1520-AFA9-4043-A64E-424DADF6B7B5}.Debug|ARM.Deploy.0 = Debug|ARM
		{385B1520-AFA9-4043-A64E-424DADF6B7B5}.Debug|iPhone.ActiveCfg = Debug|x86
		{385B1520-AFA9-4043-A64E-424DADF6B7B5}.Debug|iPhoneSimulator.ActiveCfg = Debug|x86
		{385B1520-AFA9-4043-A64E-424DADF6B7B5}.Debug|x64.ActiveCfg = Debug|x64
		{385B1520-AFA9-4043-A64E-424DADF6B7B5}.Debug|x64.Build.0 = Debug|x64
		{385B1520-AFA9-4043-A64E-424DADF6B7B5}.Debug|x64.Deploy.0 = Debug|x64
		{385B1520-AFA9-4043-A64E-424DADF6B7B5}.Debug|x86.ActiveCfg = Debug|x86
		{385B1520-AFA9-4043-A64E-424DADF6B7B5}.Debug|x86.Build.0 = Debug|x86
		{385B1520-AFA9-4043-A64E-424DADF6B7B5}.Debug|x86.Deploy.0 = Debug|x86
		{385B1520-AFA9-4043-A64E-424DADF6B7B5}.Release|Any CPU.ActiveCfg = Release|x86
		{385B1520-AFA9-4043-A64E-424DADF6B7B5}.Release|ARM.ActiveCfg = Release|ARM
		{385B1520-AFA9-4043-A64E-424DADF6B7B5}.Release|ARM.Build.0 = Release|ARM
		{385B1520-AFA9-4043-A64E-424DADF6B7B5}.Release|ARM.Deploy.0 = Release|ARM
		{385B1520-AFA9-4043-A64E-424DADF6B7B5}.Release|iPhone.ActiveCfg = Release|x86
		{385B1520-AFA9-4043-A64E-424DADF6B7B5}.Release|iPhoneSimulator.ActiveCfg = Release|x86
		{385B1520-AFA9-4043-A64E-424DADF6B7B5}.Release|x64.ActiveCfg = Release|x64
		{385B1520-AFA9-4043-A64E-424DADF6B7B5}.Release|x64.Build.0 = Release|x64
		{385B1520-AFA9-4043-A64E-424DADF6B7B5}.Release|x64.Deploy.0 = Release|x64
		{385B1520-AFA9-4043-A64E-424DADF6B7B5}.Release|x86.ActiveCfg = Release|x86
		{385B1520-AFA9-4043-A64E-424DADF6B7B5}.Release|x86.Build.0 = Release|x86
		{385B1520-AFA9-4043-A64E-424DADF6B7B5}.Release|x86.Deploy.0 = Release|x86
		{225C3318-122F-4BF2-88D3-2E2A3A695999}.Ad-Hoc|Any CPU.ActiveCfg = Debug|Any CPU
		{225C3318-122F-4BF2-88D3-2E2A3A695999}.Ad-Hoc|Any CPU.Build.0 = Debug|Any CPU
		{225C3318-122F-4BF2-88D3-2E2A3A695999}.Ad-Hoc|ARM.ActiveCfg = Debug|Any CPU
		{225C3318-122F-4BF2-88D3-2E2A3A695999}.Ad-Hoc|ARM.Build.0 = Debug|Any CPU
		{225C3318-122F-4BF2-88D3-2E2A3A695999}.Ad-Hoc|iPhone.ActiveCfg = Debug|Any CPU
		{225C3318-122F-4BF2-88D3-2E2A3A695999}.Ad-Hoc|iPhone.Build.0 = Debug|Any CPU
		{225C3318-122F-4BF2-88D3-2E2A3A695999}.Ad-Hoc|iPhoneSimulator.ActiveCfg = Debug|Any CPU
		{225C3318-122F-4BF2-88D3-2E2A3A695999}.Ad-Hoc|iPhoneSimulator.Build.0 = Debug|Any CPU
		{225C3318-122F-4BF2-88D3-2E2A3A695999}.Ad-Hoc|x64.ActiveCfg = Debug|Any CPU
		{225C3318-122F-4BF2-88D3-2E2A3A695999}.Ad-Hoc|x64.Build.0 = Debug|Any CPU
		{225C3318-122F-4BF2-88D3-2E2A3A695999}.Ad-Hoc|x86.ActiveCfg = Debug|Any CPU
		{225C3318-122F-4BF2-88D3-2E2A3A695999}.Ad-Hoc|x86.Build.0 = Debug|Any CPU
		{225C3318-122F-4BF2-88D3-2E2A3A695999}.AppStore|Any CPU.ActiveCfg = Debug|Any CPU
		{225C3318-122F-4BF2-88D3-2E2A3A695999}.AppStore|Any CPU.Build.0 = Debug|Any CPU
		{225C3318-122F-4BF2-88D3-2E2A3A695999}.AppStore|ARM.ActiveCfg = Debug|Any CPU
		{225C3318-122F-4BF2-88D3-2E2A3A695999}.AppStore|ARM.Build.0 = Debug|Any CPU
		{225C3318-122F-4BF2-88D3-2E2A3A695999}.AppStore|iPhone.ActiveCfg = Debug|Any CPU
		{225C3318-122F-4BF2-88D3-2E2A3A695999}.AppStore|iPhone.Build.0 = Debug|Any CPU
		{225C3318-122F-4BF2-88D3-2E2A3A695999}.AppStore|iPhoneSimulator.ActiveCfg = Debug|Any CPU
		{225C3318-122F-4BF2-88D3-2E2A3A695999}.AppStore|iPhoneSimulator.Build.0 = Debug|Any CPU
		{225C3318-122F-4BF2-88D3-2E2A3A695999}.AppStore|x64.ActiveCfg = Debug|Any CPU
		{225C3318-122F-4BF2-88D3-2E2A3A695999}.AppStore|x64.Build.0 = Debug|Any CPU
		{225C3318-122F-4BF2-88D3-2E2A3A695999}.AppStore|x86.ActiveCfg = Debug|Any CPU
		{225C3318-122F-4BF2-88D3-2E2A3A695999}.AppStore|x86.Build.0 = Debug|Any CPU
		{225C3318-122F-4BF2-88D3-2E2A3A695999}.Debug|Any CPU.ActiveCfg = Debug|Any CPU
		{225C3318-122F-4BF2-88D3-2E2A3A695999}.Debug|Any CPU.Build.0 = Debug|Any CPU
		{225C3318-122F-4BF2-88D3-2E2A3A695999}.Debug|ARM.ActiveCfg = Debug|Any CPU
		{225C3318-122F-4BF2-88D3-2E2A3A695999}.Debug|ARM.Build.0 = Debug|Any CPU
		{225C3318-122F-4BF2-88D3-2E2A3A695999}.Debug|iPhone.ActiveCfg = Debug|Any CPU
		{225C3318-122F-4BF2-88D3-2E2A3A695999}.Debug|iPhone.Build.0 = Debug|Any CPU
		{225C3318-122F-4BF2-88D3-2E2A3A695999}.Debug|iPhoneSimulator.ActiveCfg = Debug|Any CPU
		{225C3318-122F-4BF2-88D3-2E2A3A695999}.Debug|iPhoneSimulator.Build.0 = Debug|Any CPU
		{225C3318-122F-4BF2-88D3-2E2A3A695999}.Debug|x64.ActiveCfg = Debug|Any CPU
		{225C3318-122F-4BF2-88D3-2E2A3A695999}.Debug|x64.Build.0 = Debug|Any CPU
		{225C3318-122F-4BF2-88D3-2E2A3A695999}.Debug|x86.ActiveCfg = Debug|Any CPU
		{225C3318-122F-4BF2-88D3-2E2A3A695999}.Debug|x86.Build.0 = Debug|Any CPU
		{225C3318-122F-4BF2-88D3-2E2A3A695999}.Release|Any CPU.ActiveCfg = Release|Any CPU
		{225C3318-122F-4BF2-88D3-2E2A3A695999}.Release|Any CPU.Build.0 = Release|Any CPU
		{225C3318-122F-4BF2-88D3-2E2A3A695999}.Release|ARM.ActiveCfg = Release|Any CPU
		{225C3318-122F-4BF2-88D3-2E2A3A695999}.Release|ARM.Build.0 = Release|Any CPU
		{225C3318-122F-4BF2-88D3-2E2A3A695999}.Release|iPhone.ActiveCfg = Release|Any CPU
		{225C3318-122F-4BF2-88D3-2E2A3A695999}.Release|iPhone.Build.0 = Release|Any CPU
		{225C3318-122F-4BF2-88D3-2E2A3A695999}.Release|iPhoneSimulator.ActiveCfg = Release|Any CPU
		{225C3318-122F-4BF2-88D3-2E2A3A695999}.Release|iPhoneSimulator.Build.0 = Release|Any CPU
		{225C3318-122F-4BF2-88D3-2E2A3A695999}.Release|x64.ActiveCfg = Release|Any CPU
		{225C3318-122F-4BF2-88D3-2E2A3A695999}.Release|x64.Build.0 = Release|Any CPU
		{225C3318-122F-4BF2-88D3-2E2A3A695999}.Release|x86.ActiveCfg = Release|Any CPU
		{225C3318-122F-4BF2-88D3-2E2A3A695999}.Release|x86.Build.0 = Release|Any CPU
	EndGlobalSection
	GlobalSection(SolutionProperties) = preSolution
		HideSolutionNode = FALSE
	EndGlobalSection
	GlobalSection(ExtensibilityGlobals) = postSolution
		SolutionGuid = {50ED6F12-6029-4033-8773-6BC009BD14BE}
	EndGlobalSection
EndGlobal
